# This file is automatically @generated by Poetry 1.7.1 and should not be changed by hand.

[[package]]
name = "bleak"
version = "0.21.1"
description = "Bluetooth Low Energy platform Agnostic Klient"
optional = false
python-versions = ">=3.8,<3.13"
files = [
    {file = "bleak-0.21.1-py3-none-any.whl", hash = "sha256:ccec260a0f5ec02dd133d68b0351c0151b2ecf3ddd0bcabc4c04a1cdd7f33256"},
    {file = "bleak-0.21.1.tar.gz", hash = "sha256:ec4a1a2772fb315b992cbaa1153070c7e26968a52b0e2727035f443a1af5c18f"},
]

[package.dependencies]
bleak-winrt = {version = ">=1.2.0,<2.0.0", markers = "platform_system == \"Windows\" and python_version < \"3.12\""}
dbus-fast = {version = ">=1.83.0,<3", markers = "platform_system == \"Linux\""}
pyobjc-core = {version = ">=9.2,<10.0", markers = "platform_system == \"Darwin\""}
pyobjc-framework-CoreBluetooth = {version = ">=9.2,<10.0", markers = "platform_system == \"Darwin\""}
pyobjc-framework-libdispatch = {version = ">=9.2,<10.0", markers = "platform_system == \"Darwin\""}
typing-extensions = {version = ">=4.7.0", markers = "python_version < \"3.12\""}
"winrt-Windows.Devices.Bluetooth" = {version = "2.0.0b1", markers = "platform_system == \"Windows\" and python_version >= \"3.12\""}
"winrt-Windows.Devices.Bluetooth.Advertisement" = {version = "2.0.0b1", markers = "platform_system == \"Windows\" and python_version >= \"3.12\""}
"winrt-Windows.Devices.Bluetooth.GenericAttributeProfile" = {version = "2.0.0b1", markers = "platform_system == \"Windows\" and python_version >= \"3.12\""}
"winrt-Windows.Devices.Enumeration" = {version = "2.0.0b1", markers = "platform_system == \"Windows\" and python_version >= \"3.12\""}
"winrt-Windows.Foundation" = {version = "2.0.0b1", markers = "platform_system == \"Windows\" and python_version >= \"3.12\""}
"winrt-Windows.Foundation.Collections" = {version = "2.0.0b1", markers = "platform_system == \"Windows\" and python_version >= \"3.12\""}
"winrt-Windows.Storage.Streams" = {version = "2.0.0b1", markers = "platform_system == \"Windows\" and python_version >= \"3.12\""}

[[package]]
name = "bleak-winrt"
version = "1.2.0"
description = "Python WinRT bindings for Bleak"
optional = false
python-versions = "*"
files = [
    {file = "bleak-winrt-1.2.0.tar.gz", hash = "sha256:0577d070251b9354fc6c45ffac57e39341ebb08ead014b1bdbd43e211d2ce1d6"},
    {file = "bleak_winrt-1.2.0-cp310-cp310-win32.whl", hash = "sha256:a2ae3054d6843ae0cfd3b94c83293a1dfd5804393977dd69bde91cb5099fc47c"},
    {file = "bleak_winrt-1.2.0-cp310-cp310-win_amd64.whl", hash = "sha256:677df51dc825c6657b3ae94f00bd09b8ab88422b40d6a7bdbf7972a63bc44e9a"},
    {file = "bleak_winrt-1.2.0-cp311-cp311-win32.whl", hash = "sha256:9449cdb942f22c9892bc1ada99e2ccce9bea8a8af1493e81fefb6de2cb3a7b80"},
    {file = "bleak_winrt-1.2.0-cp311-cp311-win_amd64.whl", hash = "sha256:98c1b5a6a6c431ac7f76aa4285b752fe14a1c626bd8a1dfa56f66173ff120bee"},
    {file = "bleak_winrt-1.2.0-cp37-cp37m-win32.whl", hash = "sha256:623ac511696e1f58d83cb9c431e32f613395f2199b3db7f125a3d872cab968a4"},
    {file = "bleak_winrt-1.2.0-cp37-cp37m-win_amd64.whl", hash = "sha256:13ab06dec55469cf51a2c187be7b630a7a2922e1ea9ac1998135974a7239b1e3"},
    {file = "bleak_winrt-1.2.0-cp38-cp38-win32.whl", hash = "sha256:5a36ff8cd53068c01a795a75d2c13054ddc5f99ce6de62c1a97cd343fc4d0727"},
    {file = "bleak_winrt-1.2.0-cp38-cp38-win_amd64.whl", hash = "sha256:810c00726653a962256b7acd8edf81ab9e4a3c66e936a342ce4aec7dbd3a7263"},
    {file = "bleak_winrt-1.2.0-cp39-cp39-win32.whl", hash = "sha256:dd740047a08925bde54bec357391fcee595d7b8ca0c74c87170a5cbc3f97aa0a"},
    {file = "bleak_winrt-1.2.0-cp39-cp39-win_amd64.whl", hash = "sha256:63130c11acfe75c504a79c01f9919e87f009f5e742bfc7b7a5c2a9c72bf591a7"},
]

[[package]]
name = "colorama"
version = "0.4.6"
description = "Cross-platform colored terminal text."
optional = false
python-versions = "!=3.0.*,!=3.1.*,!=3.2.*,!=3.3.*,!=3.4.*,!=3.5.*,!=3.6.*,>=2.7"
files = [
    {file = "colorama-0.4.6-py2.py3-none-any.whl", hash = "sha256:4f1d9991f5acc0ca119f9d443620b77f9d6b33703e51011c16baf57afb285fc6"},
    {file = "colorama-0.4.6.tar.gz", hash = "sha256:08695f5cb7ed6e0531a20572697297273c47b8cae5a63ffc6d6ed5c201be6e44"},
]

[[package]]
name = "coverage"
version = "7.3.2"
description = "Code coverage measurement for Python"
optional = false
python-versions = ">=3.8"
files = [
    {file = "coverage-7.3.2-cp310-cp310-macosx_10_9_x86_64.whl", hash = "sha256:d872145f3a3231a5f20fd48500274d7df222e291d90baa2026cc5152b7ce86bf"},
    {file = "coverage-7.3.2-cp310-cp310-macosx_11_0_arm64.whl", hash = "sha256:310b3bb9c91ea66d59c53fa4989f57d2436e08f18fb2f421a1b0b6b8cc7fffda"},
    {file = "coverage-7.3.2-cp310-cp310-manylinux_2_17_aarch64.manylinux2014_aarch64.whl", hash = "sha256:f47d39359e2c3779c5331fc740cf4bce6d9d680a7b4b4ead97056a0ae07cb49a"},
    {file = "coverage-7.3.2-cp310-cp310-manylinux_2_5_i686.manylinux1_i686.manylinux_2_17_i686.manylinux2014_i686.whl", hash = "sha256:aa72dbaf2c2068404b9870d93436e6d23addd8bbe9295f49cbca83f6e278179c"},
    {file = "coverage-7.3.2-cp310-cp310-manylinux_2_5_x86_64.manylinux1_x86_64.manylinux_2_17_x86_64.manylinux2014_x86_64.whl", hash = "sha256:beaa5c1b4777f03fc63dfd2a6bd820f73f036bfb10e925fce067b00a340d0f3f"},
    {file = "coverage-7.3.2-cp310-cp310-musllinux_1_1_aarch64.whl", hash = "sha256:dbc1b46b92186cc8074fee9d9fbb97a9dd06c6cbbef391c2f59d80eabdf0faa6"},
    {file = "coverage-7.3.2-cp310-cp310-musllinux_1_1_i686.whl", hash = "sha256:315a989e861031334d7bee1f9113c8770472db2ac484e5b8c3173428360a9148"},
    {file = "coverage-7.3.2-cp310-cp310-musllinux_1_1_x86_64.whl", hash = "sha256:d1bc430677773397f64a5c88cb522ea43175ff16f8bfcc89d467d974cb2274f9"},
    {file = "coverage-7.3.2-cp310-cp310-win32.whl", hash = "sha256:a889ae02f43aa45032afe364c8ae84ad3c54828c2faa44f3bfcafecb5c96b02f"},
    {file = "coverage-7.3.2-cp310-cp310-win_amd64.whl", hash = "sha256:c0ba320de3fb8c6ec16e0be17ee1d3d69adcda99406c43c0409cb5c41788a611"},
    {file = "coverage-7.3.2-cp311-cp311-macosx_10_9_x86_64.whl", hash = "sha256:ac8c802fa29843a72d32ec56d0ca792ad15a302b28ca6203389afe21f8fa062c"},
    {file = "coverage-7.3.2-cp311-cp311-macosx_11_0_arm64.whl", hash = "sha256:89a937174104339e3a3ffcf9f446c00e3a806c28b1841c63edb2b369310fd074"},
    {file = "coverage-7.3.2-cp311-cp311-manylinux_2_17_aarch64.manylinux2014_aarch64.whl", hash = "sha256:e267e9e2b574a176ddb983399dec325a80dbe161f1a32715c780b5d14b5f583a"},
    {file = "coverage-7.3.2-cp311-cp311-manylinux_2_5_i686.manylinux1_i686.manylinux_2_17_i686.manylinux2014_i686.whl", hash = "sha256:2443cbda35df0d35dcfb9bf8f3c02c57c1d6111169e3c85fc1fcc05e0c9f39a3"},
    {file = "coverage-7.3.2-cp311-cp311-manylinux_2_5_x86_64.manylinux1_x86_64.manylinux_2_17_x86_64.manylinux2014_x86_64.whl", hash = "sha256:4175e10cc8dda0265653e8714b3174430b07c1dca8957f4966cbd6c2b1b8065a"},
    {file = "coverage-7.3.2-cp311-cp311-musllinux_1_1_aarch64.whl", hash = "sha256:0cbf38419fb1a347aaf63481c00f0bdc86889d9fbf3f25109cf96c26b403fda1"},
    {file = "coverage-7.3.2-cp311-cp311-musllinux_1_1_i686.whl", hash = "sha256:5c913b556a116b8d5f6ef834038ba983834d887d82187c8f73dec21049abd65c"},
    {file = "coverage-7.3.2-cp311-cp311-musllinux_1_1_x86_64.whl", hash = "sha256:1981f785239e4e39e6444c63a98da3a1db8e971cb9ceb50a945ba6296b43f312"},
    {file = "coverage-7.3.2-cp311-cp311-win32.whl", hash = "sha256:43668cabd5ca8258f5954f27a3aaf78757e6acf13c17604d89648ecc0cc66640"},
    {file = "coverage-7.3.2-cp311-cp311-win_amd64.whl", hash = "sha256:e10c39c0452bf6e694511c901426d6b5ac005acc0f78ff265dbe36bf81f808a2"},
    {file = "coverage-7.3.2-cp312-cp312-macosx_10_9_x86_64.whl", hash = "sha256:4cbae1051ab791debecc4a5dcc4a1ff45fc27b91b9aee165c8a27514dd160836"},
    {file = "coverage-7.3.2-cp312-cp312-macosx_11_0_arm64.whl", hash = "sha256:12d15ab5833a997716d76f2ac1e4b4d536814fc213c85ca72756c19e5a6b3d63"},
    {file = "coverage-7.3.2-cp312-cp312-manylinux_2_17_aarch64.manylinux2014_aarch64.whl", hash = "sha256:3c7bba973ebee5e56fe9251300c00f1579652587a9f4a5ed8404b15a0471f216"},
    {file = "coverage-7.3.2-cp312-cp312-manylinux_2_5_i686.manylinux1_i686.manylinux_2_17_i686.manylinux2014_i686.whl", hash = "sha256:fe494faa90ce6381770746077243231e0b83ff3f17069d748f645617cefe19d4"},
    {file = "coverage-7.3.2-cp312-cp312-manylinux_2_5_x86_64.manylinux1_x86_64.manylinux_2_17_x86_64.manylinux2014_x86_64.whl", hash = "sha256:f6e9589bd04d0461a417562649522575d8752904d35c12907d8c9dfeba588faf"},
    {file = "coverage-7.3.2-cp312-cp312-musllinux_1_1_aarch64.whl", hash = "sha256:d51ac2a26f71da1b57f2dc81d0e108b6ab177e7d30e774db90675467c847bbdf"},
    {file = "coverage-7.3.2-cp312-cp312-musllinux_1_1_i686.whl", hash = "sha256:99b89d9f76070237975b315b3d5f4d6956ae354a4c92ac2388a5695516e47c84"},
    {file = "coverage-7.3.2-cp312-cp312-musllinux_1_1_x86_64.whl", hash = "sha256:fa28e909776dc69efb6ed975a63691bc8172b64ff357e663a1bb06ff3c9b589a"},
    {file = "coverage-7.3.2-cp312-cp312-win32.whl", hash = "sha256:289fe43bf45a575e3ab10b26d7b6f2ddb9ee2dba447499f5401cfb5ecb8196bb"},
    {file = "coverage-7.3.2-cp312-cp312-win_amd64.whl", hash = "sha256:7dbc3ed60e8659bc59b6b304b43ff9c3ed858da2839c78b804973f613d3e92ed"},
    {file = "coverage-7.3.2-cp38-cp38-macosx_10_9_x86_64.whl", hash = "sha256:f94b734214ea6a36fe16e96a70d941af80ff3bfd716c141300d95ebc85339738"},
    {file = "coverage-7.3.2-cp38-cp38-macosx_11_0_arm64.whl", hash = "sha256:af3d828d2c1cbae52d34bdbb22fcd94d1ce715d95f1a012354a75e5913f1bda2"},
    {file = "coverage-7.3.2-cp38-cp38-manylinux_2_17_aarch64.manylinux2014_aarch64.whl", hash = "sha256:630b13e3036e13c7adc480ca42fa7afc2a5d938081d28e20903cf7fd687872e2"},
    {file = "coverage-7.3.2-cp38-cp38-manylinux_2_5_i686.manylinux1_i686.manylinux_2_17_i686.manylinux2014_i686.whl", hash = "sha256:c9eacf273e885b02a0273bb3a2170f30e2d53a6d53b72dbe02d6701b5296101c"},
    {file = "coverage-7.3.2-cp38-cp38-manylinux_2_5_x86_64.manylinux1_x86_64.manylinux_2_17_x86_64.manylinux2014_x86_64.whl", hash = "sha256:d8f17966e861ff97305e0801134e69db33b143bbfb36436efb9cfff6ec7b2fd9"},
    {file = "coverage-7.3.2-cp38-cp38-musllinux_1_1_aarch64.whl", hash = "sha256:b4275802d16882cf9c8b3d057a0839acb07ee9379fa2749eca54efbce1535b82"},
    {file = "coverage-7.3.2-cp38-cp38-musllinux_1_1_i686.whl", hash = "sha256:72c0cfa5250f483181e677ebc97133ea1ab3eb68645e494775deb6a7f6f83901"},
    {file = "coverage-7.3.2-cp38-cp38-musllinux_1_1_x86_64.whl", hash = "sha256:cb536f0dcd14149425996821a168f6e269d7dcd2c273a8bff8201e79f5104e76"},
    {file = "coverage-7.3.2-cp38-cp38-win32.whl", hash = "sha256:307adb8bd3abe389a471e649038a71b4eb13bfd6b7dd9a129fa856f5c695cf92"},
    {file = "coverage-7.3.2-cp38-cp38-win_amd64.whl", hash = "sha256:88ed2c30a49ea81ea3b7f172e0269c182a44c236eb394718f976239892c0a27a"},
    {file = "coverage-7.3.2-cp39-cp39-macosx_10_9_x86_64.whl", hash = "sha256:b631c92dfe601adf8f5ebc7fc13ced6bb6e9609b19d9a8cd59fa47c4186ad1ce"},
    {file = "coverage-7.3.2-cp39-cp39-macosx_11_0_arm64.whl", hash = "sha256:d3d9df4051c4a7d13036524b66ecf7a7537d14c18a384043f30a303b146164e9"},
    {file = "coverage-7.3.2-cp39-cp39-manylinux_2_17_aarch64.manylinux2014_aarch64.whl", hash = "sha256:5f7363d3b6a1119ef05015959ca24a9afc0ea8a02c687fe7e2d557705375c01f"},
    {file = "coverage-7.3.2-cp39-cp39-manylinux_2_5_i686.manylinux1_i686.manylinux_2_17_i686.manylinux2014_i686.whl", hash = "sha256:2f11cc3c967a09d3695d2a6f03fb3e6236622b93be7a4b5dc09166a861be6d25"},
    {file = "coverage-7.3.2-cp39-cp39-manylinux_2_5_x86_64.manylinux1_x86_64.manylinux_2_17_x86_64.manylinux2014_x86_64.whl", hash = "sha256:149de1d2401ae4655c436a3dced6dd153f4c3309f599c3d4bd97ab172eaf02d9"},
    {file = "coverage-7.3.2-cp39-cp39-musllinux_1_1_aarch64.whl", hash = "sha256:3a4006916aa6fee7cd38db3bfc95aa9c54ebb4ffbfc47c677c8bba949ceba0a6"},
    {file = "coverage-7.3.2-cp39-cp39-musllinux_1_1_i686.whl", hash = "sha256:9028a3871280110d6e1aa2df1afd5ef003bab5fb1ef421d6dc748ae1c8ef2ebc"},
    {file = "coverage-7.3.2-cp39-cp39-musllinux_1_1_x86_64.whl", hash = "sha256:9f805d62aec8eb92bab5b61c0f07329275b6f41c97d80e847b03eb894f38d083"},
    {file = "coverage-7.3.2-cp39-cp39-win32.whl", hash = "sha256:d1c88ec1a7ff4ebca0219f5b1ef863451d828cccf889c173e1253aa84b1e07ce"},
    {file = "coverage-7.3.2-cp39-cp39-win_amd64.whl", hash = "sha256:b4767da59464bb593c07afceaddea61b154136300881844768037fd5e859353f"},
    {file = "coverage-7.3.2-pp38.pp39.pp310-none-any.whl", hash = "sha256:ae97af89f0fbf373400970c0a21eef5aa941ffeed90aee43650b81f7d7f47637"},
    {file = "coverage-7.3.2.tar.gz", hash = "sha256:be32ad29341b0170e795ca590e1c07e81fc061cb5b10c74ce7203491484404ef"},
]

[package.extras]
toml = ["tomli"]

[[package]]
name = "dbus-fast"
version = "2.20.0"
description = "A faster version of dbus-next"
optional = false
python-versions = ">=3.7,<4.0"
files = [
    {file = "dbus_fast-2.20.0-cp310-cp310-manylinux_2_17_i686.manylinux_2_5_i686.manylinux1_i686.manylinux2014_i686.whl", hash = "sha256:ecf22e22434bdd61bfb8b544eb58f5032b23dda5a7fc233afa1d3c9c3241f0a8"},
    {file = "dbus_fast-2.20.0-cp310-cp310-manylinux_2_17_x86_64.manylinux2014_x86_64.whl", hash = "sha256:ed70f4c1fe23c47a59d81c8fd8830c65307a1f089cc92949004df4c65c69f155"},
    {file = "dbus_fast-2.20.0-cp310-cp310-manylinux_2_31_x86_64.whl", hash = "sha256:9963180456586d0e1b58075e0439a34ed8e9ee4266b35f76f3db6ffc1af17e27"},
    {file = "dbus_fast-2.20.0-cp310-cp310-musllinux_1_1_i686.whl", hash = "sha256:eafbf4f0ac86fd959f86bbdf910bf64406b35315781014ef4a1cd2bb43985346"},
    {file = "dbus_fast-2.20.0-cp310-cp310-musllinux_1_1_x86_64.whl", hash = "sha256:bb668e2039e15f0e5af14bee7de8c8c082e3b292ed2ce2ceb3168c7068ff2856"},
    {file = "dbus_fast-2.20.0-cp311-cp311-manylinux_2_17_i686.manylinux_2_5_i686.manylinux1_i686.manylinux2014_i686.whl", hash = "sha256:3f7966f835da1d8a77c55a7336313bd97e7f722b316f760077c55c1e9533b0cd"},
    {file = "dbus_fast-2.20.0-cp311-cp311-manylinux_2_17_x86_64.manylinux2014_x86_64.whl", hash = "sha256:2ff856cbb1508bcf6735ed1e3c04de1def6c400720765141d2470e39c8fd6f13"},
    {file = "dbus_fast-2.20.0-cp311-cp311-musllinux_1_1_i686.whl", hash = "sha256:7a1da4ed9880046403ddedb7b941fd981872fc883dc9925bbf269b551f12120d"},
    {file = "dbus_fast-2.20.0-cp311-cp311-musllinux_1_1_x86_64.whl", hash = "sha256:9084ded47761a43b2252879c6ebaddb7e3cf89377cbdc981de7e8ba87c845239"},
    {file = "dbus_fast-2.20.0-cp312-cp312-manylinux_2_17_i686.manylinux_2_5_i686.manylinux1_i686.manylinux2014_i686.whl", hash = "sha256:d4b91b98cc1849f7d062d563d320594377b099ea9de53ebb789bf9fd6a0eeab4"},
    {file = "dbus_fast-2.20.0-cp312-cp312-manylinux_2_17_x86_64.manylinux2014_x86_64.whl", hash = "sha256:7a8ab58ef76575e6e00cf1c1f5747b24ce19e35d4966f1c5c3732cea2c3ed5e9"},
    {file = "dbus_fast-2.20.0-cp312-cp312-musllinux_1_1_i686.whl", hash = "sha256:1909addfad23d400d6f77c3665778a96003e32a1cddd1964de605d0ca400d829"},
    {file = "dbus_fast-2.20.0-cp312-cp312-musllinux_1_1_x86_64.whl", hash = "sha256:e591b218d4f327df29a89a922f199bbefb6f892ddc9b96aff21c05c15c0e5dc8"},
    {file = "dbus_fast-2.20.0-cp37-cp37m-manylinux_2_17_i686.manylinux_2_5_i686.manylinux1_i686.manylinux2014_i686.whl", hash = "sha256:f55f75ac3891c161daeabdb37d8a3407098482fe54013342a340cdd58f2be091"},
    {file = "dbus_fast-2.20.0-cp37-cp37m-manylinux_2_17_x86_64.manylinux2014_x86_64.whl", hash = "sha256:d317dba76e904f75146ce0c5f219dae44e8060767b3adf78c94557bbcbea2cbe"},
    {file = "dbus_fast-2.20.0-cp37-cp37m-musllinux_1_1_i686.whl", hash = "sha256:88126343024f280c1fadd6599ac4cd7046ed550ddc942811dc3d290830cffd51"},
    {file = "dbus_fast-2.20.0-cp37-cp37m-musllinux_1_1_x86_64.whl", hash = "sha256:ecc07860e3014607a5293e1b87294148f96b1cc508f6496b27e40f64079ebb7a"},
    {file = "dbus_fast-2.20.0-cp38-cp38-manylinux_2_17_i686.manylinux_2_5_i686.manylinux1_i686.manylinux2014_i686.whl", hash = "sha256:e9cdf34f81320b36ce7f2b8c46169632730d9cdcafc52b55cada95096fce3457"},
    {file = "dbus_fast-2.20.0-cp38-cp38-manylinux_2_17_x86_64.manylinux2014_x86_64.whl", hash = "sha256:e40ad43412f92373e4c74bb76d2129a7f0c38a1d883adcfc08f168535f7e7846"},
    {file = "dbus_fast-2.20.0-cp38-cp38-musllinux_1_1_i686.whl", hash = "sha256:4a5fdebcd8f79d417693536d3ed08bb5842917d373fbc3e9685feecd001accd7"},
    {file = "dbus_fast-2.20.0-cp38-cp38-musllinux_1_1_x86_64.whl", hash = "sha256:b134d40688ca7f27ab38bec99194e2551c82fc01f583f44ae66129c3d15db8a7"},
    {file = "dbus_fast-2.20.0-cp39-cp39-manylinux_2_17_i686.manylinux_2_5_i686.manylinux1_i686.manylinux2014_i686.whl", hash = "sha256:fdd4ece2c856e44b5fe9dec354ce5d8930f7ae9bb4b96b3a195157621fea6322"},
    {file = "dbus_fast-2.20.0-cp39-cp39-manylinux_2_17_x86_64.manylinux2014_x86_64.whl", hash = "sha256:e609309d5503a5eab91a7b0cef9dd158c3d8786ac38643a962e99a69d5eb7a66"},
    {file = "dbus_fast-2.20.0-cp39-cp39-musllinux_1_1_i686.whl", hash = "sha256:8fd806bf4676a28b2323d8529d51f86fec5a9d32923d53ba522a4c2bc3d55857"},
    {file = "dbus_fast-2.20.0-cp39-cp39-musllinux_1_1_x86_64.whl", hash = "sha256:8526ff5b27b7c689d97fe8a29e97d3cb7298419b4cb63ed9029331d08d423c55"},
    {file = "dbus_fast-2.20.0-pp310-pypy310_pp73-manylinux_2_17_i686.manylinux_2_5_i686.manylinux1_i686.manylinux2014_i686.whl", hash = "sha256:562868206d774080c4131b124a407350ffb5d2b89442048350b83b5084f4e0e1"},
    {file = "dbus_fast-2.20.0-pp310-pypy310_pp73-manylinux_2_17_x86_64.manylinux_2_5_x86_64.manylinux1_x86_64.manylinux2014_x86_64.whl", hash = "sha256:707fc61b4f2de83c8f574061fdaf0ac6fc28b402f451951cf0a1ead11bfcac71"},
    {file = "dbus_fast-2.20.0-pp37-pypy37_pp73-manylinux_2_17_i686.manylinux_2_5_i686.manylinux1_i686.manylinux2014_i686.whl", hash = "sha256:4a13c7856459e849202165fd9e1adda8169107a591b083b95842c15b9e772be4"},
    {file = "dbus_fast-2.20.0-pp37-pypy37_pp73-manylinux_2_17_x86_64.manylinux2014_x86_64.whl", hash = "sha256:ca1aba69c1dd694399124efbc6ce15930e4697a95d527f16b614100f1f1055a2"},
    {file = "dbus_fast-2.20.0-pp38-pypy38_pp73-manylinux_2_17_i686.manylinux_2_5_i686.manylinux1_i686.manylinux2014_i686.whl", hash = "sha256:9817bd32d7734766b073bb08525b9560b0b9501c68c43cc91d43684a2829ad86"},
    {file = "dbus_fast-2.20.0-pp38-pypy38_pp73-manylinux_2_17_x86_64.manylinux_2_5_x86_64.manylinux1_x86_64.manylinux2014_x86_64.whl", hash = "sha256:bed226cccedee0c94b292e27fd1c7d24987d36b5ac1cde021031f9c77a76a423"},
    {file = "dbus_fast-2.20.0-pp39-pypy39_pp73-manylinux_2_17_i686.manylinux_2_5_i686.manylinux1_i686.manylinux2014_i686.whl", hash = "sha256:c11a2b4addb965e09a2d8d666265455f4a7e48916b7c6f43629b828de6682425"},
    {file = "dbus_fast-2.20.0-pp39-pypy39_pp73-manylinux_2_17_x86_64.manylinux_2_5_x86_64.manylinux1_x86_64.manylinux2014_x86_64.whl", hash = "sha256:88367c2a849234f134b9c98fdb16dc84d5ba9703fe995c67f7306900bfa13896"},
    {file = "dbus_fast-2.20.0.tar.gz", hash = "sha256:a38e837c5a8d0a1745ec8390f68ff57986ed2167b0aa2e4a79738a51dd6dfcc3"},
]

[[package]]
name = "iniconfig"
version = "2.0.0"
description = "brain-dead simple config-ini parsing"
optional = false
python-versions = ">=3.7"
files = [
    {file = "iniconfig-2.0.0-py3-none-any.whl", hash = "sha256:b6a85871a79d2e3b22d2d1b94ac2824226a63c6b741c88f7ae975f18b6778374"},
    {file = "iniconfig-2.0.0.tar.gz", hash = "sha256:2d91e135bf72d31a410b17c16da610a82cb55f6b0477d1a902134b24a455b8b3"},
]

[[package]]
name = "packaging"
version = "23.2"
description = "Core utilities for Python packages"
optional = false
python-versions = ">=3.7"
files = [
    {file = "packaging-23.2-py3-none-any.whl", hash = "sha256:8c491190033a9af7e1d931d0b5dacc2ef47509b34dd0de67ed209b5203fc88c7"},
    {file = "packaging-23.2.tar.gz", hash = "sha256:048fb0e9405036518eaaf48a55953c750c11e1a1b68e0dd1a9d62ed0c092cfc5"},
]

[[package]]
name = "pluggy"
version = "1.3.0"
description = "plugin and hook calling mechanisms for python"
optional = false
python-versions = ">=3.8"
files = [
    {file = "pluggy-1.3.0-py3-none-any.whl", hash = "sha256:d89c696a773f8bd377d18e5ecda92b7a3793cbe66c87060a6fb58c7b6e1061f7"},
    {file = "pluggy-1.3.0.tar.gz", hash = "sha256:cf61ae8f126ac6f7c451172cf30e3e43d3ca77615509771b3a984a0730651e12"},
]

[package.extras]
dev = ["pre-commit", "tox"]
testing = ["pytest", "pytest-benchmark"]

[[package]]
name = "pyobjc-core"
version = "9.2"
description = "Python<->ObjC Interoperability Module"
optional = false
python-versions = ">=3.7"
files = [
    {file = "pyobjc-core-9.2.tar.gz", hash = "sha256:d734b9291fec91ff4e3ae38b9c6839debf02b79c07314476e87da8e90b2c68c3"},
    {file = "pyobjc_core-9.2-cp310-cp310-macosx_10_9_universal2.whl", hash = "sha256:fa674a39949f5cde8e5c7bbcd24496446bfc67592b028aedbec7f81dc5fc4daa"},
    {file = "pyobjc_core-9.2-cp311-cp311-macosx_10_9_universal2.whl", hash = "sha256:bbc8de304ee322a1ee530b4d2daca135a49b4a49aa3cedc6b2c26c43885f4842"},
    {file = "pyobjc_core-9.2-cp312-cp312-macosx_10_9_universal2.whl", hash = "sha256:0fa950f092673883b8bd28bc18397415cabb457bf410920762109b411789ade9"},
    {file = "pyobjc_core-9.2-cp37-cp37m-macosx_10_9_x86_64.whl", hash = "sha256:586e4cae966282eaa61b21cae66ccdcee9d69c036979def26eebdc08ddebe20f"},
    {file = "pyobjc_core-9.2-cp38-cp38-macosx_10_9_x86_64.whl", hash = "sha256:41189c2c680931c0395a55691763c481fc681f454f21bb4f1644f98c24a45954"},
    {file = "pyobjc_core-9.2-cp38-cp38-macosx_11_0_universal2.whl", hash = "sha256:2d23ee539f2ba5e9f5653d75a13f575c7e36586fc0086792739e69e4c2617eda"},
    {file = "pyobjc_core-9.2-cp39-cp39-macosx_10_9_universal2.whl", hash = "sha256:b9809cf96678797acb72a758f34932fe8e2602d5ab7abec15c5ac68ddb481720"},
]

[[package]]
name = "pyobjc-framework-cocoa"
version = "9.2"
description = "Wrappers for the Cocoa frameworks on macOS"
optional = false
python-versions = ">=3.7"
files = [
    {file = "pyobjc-framework-Cocoa-9.2.tar.gz", hash = "sha256:efd78080872d8c8de6c2b97e0e4eac99d6203a5d1637aa135d071d464eb2db53"},
    {file = "pyobjc_framework_Cocoa-9.2-cp310-cp310-macosx_10_9_universal2.whl", hash = "sha256:9e02d8a7cc4eb7685377c50ba4f17345701acf4c05b1e7480d421bff9e2f62a4"},
    {file = "pyobjc_framework_Cocoa-9.2-cp311-cp311-macosx_10_9_universal2.whl", hash = "sha256:3b1e6287b3149e4c6679cdbccd8e9ef6557a4e492a892e80a77df143f40026d2"},
    {file = "pyobjc_framework_Cocoa-9.2-cp312-cp312-macosx_10_9_universal2.whl", hash = "sha256:312977ce2e3989073c6b324c69ba24283de206fe7acd6dbbbaf3e29238a22537"},
    {file = "pyobjc_framework_Cocoa-9.2-cp37-cp37m-macosx_10_9_x86_64.whl", hash = "sha256:aae7841cf40c26dd915f4dd828f91c6616e6b7998630b72e704750c09e00f334"},
    {file = "pyobjc_framework_Cocoa-9.2-cp38-cp38-macosx_10_9_x86_64.whl", hash = "sha256:739a421e14382a46cbeb9a883f192dceff368ad28ec34d895c48c0ad34cf2c1d"},
    {file = "pyobjc_framework_Cocoa-9.2-cp38-cp38-macosx_11_0_universal2.whl", hash = "sha256:32d9ac1033fac1b821ddee8c68f972a7074ad8c50bec0bea9a719034c1c2fb94"},
    {file = "pyobjc_framework_Cocoa-9.2-cp39-cp39-macosx_10_9_universal2.whl", hash = "sha256:b236bb965e41aeb2e215d4e98a5a230d4b63252c6d26e00924ea2e69540a59d6"},
]

[package.dependencies]
pyobjc-core = ">=9.2"

[[package]]
name = "pyobjc-framework-corebluetooth"
version = "9.2"
description = "Wrappers for the framework CoreBluetooth on macOS"
optional = false
python-versions = ">=3.7"
files = [
    {file = "pyobjc-framework-CoreBluetooth-9.2.tar.gz", hash = "sha256:cb2481b1dfe211ae9ce55f36537dc8155dbf0dc8ff26e0bc2e13f7afb0a291d1"},
    {file = "pyobjc_framework_CoreBluetooth-9.2-cp36-abi3-macosx_10_9_universal2.whl", hash = "sha256:53d888742119d0f0c725d0b0c2389f68e8f21f0cba6d6aec288c53260a0196b6"},
    {file = "pyobjc_framework_CoreBluetooth-9.2-cp36-abi3-macosx_10_9_x86_64.whl", hash = "sha256:179532882126526e38fe716a50fb0ee8f440e0b838d290252c515e622b5d0e49"},
    {file = "pyobjc_framework_CoreBluetooth-9.2-cp36-abi3-macosx_11_0_universal2.whl", hash = "sha256:256a5031ea9d8a7406541fa1b0dfac549b1de93deae8284605f9355b13fb58be"},
]

[package.dependencies]
pyobjc-core = ">=9.2"
pyobjc-framework-Cocoa = ">=9.2"

[[package]]
name = "pyobjc-framework-libdispatch"
version = "9.2"
description = "Wrappers for libdispatch on macOS"
optional = false
python-versions = ">=3.7"
files = [
    {file = "pyobjc-framework-libdispatch-9.2.tar.gz", hash = "sha256:542e7f7c2b041939db5ed6f3119c1d67d73ec14a996278b92485f8513039c168"},
    {file = "pyobjc_framework_libdispatch-9.2-cp310-cp310-macosx_10_9_universal2.whl", hash = "sha256:88d4091d4bcb5702783d6e86b4107db973425a17d1de491543f56bd348909b60"},
    {file = "pyobjc_framework_libdispatch-9.2-cp311-cp311-macosx_10_9_universal2.whl", hash = "sha256:1a67b007113328538b57893cc7829a722270764cdbeae6d5e1460a1d911314df"},
    {file = "pyobjc_framework_libdispatch-9.2-cp312-cp312-macosx_10_9_universal2.whl", hash = "sha256:6fccea1a57436cf1ac50d9ebc6e3e725bcf77f829ba6b118e62e6ed7866d359d"},
    {file = "pyobjc_framework_libdispatch-9.2-cp37-cp37m-macosx_10_9_x86_64.whl", hash = "sha256:6eba747b7ad91b0463265a7aee59235bb051fb97687f35ca2233690369b5e4e4"},
    {file = "pyobjc_framework_libdispatch-9.2-cp38-cp38-macosx_10_9_x86_64.whl", hash = "sha256:2e835495860d04f63c2d2f73ae3dd79da4222864c107096dc0f99e8382700026"},
    {file = "pyobjc_framework_libdispatch-9.2-cp38-cp38-macosx_11_0_universal2.whl", hash = "sha256:1b107e5c3580b09553030961ea6b17abad4a5132101eab1af3ad2cb36d0f08bb"},
    {file = "pyobjc_framework_libdispatch-9.2-cp39-cp39-macosx_10_9_universal2.whl", hash = "sha256:83cdb672acf722717b5ecf004768f215f02ac02d7f7f2a9703da6e921ab02222"},
]

[package.dependencies]
pyobjc-core = ">=9.2"

[[package]]
name = "pytest"
version = "7.4.3"
description = "pytest: simple powerful testing with Python"
optional = false
python-versions = ">=3.7"
files = [
    {file = "pytest-7.4.3-py3-none-any.whl", hash = "sha256:0d009c083ea859a71b76adf7c1d502e4bc170b80a8ef002da5806527b9591fac"},
    {file = "pytest-7.4.3.tar.gz", hash = "sha256:d989d136982de4e3b29dabcc838ad581c64e8ed52c11fbe86ddebd9da0818cd5"},
]

[package.dependencies]
colorama = {version = "*", markers = "sys_platform == \"win32\""}
iniconfig = "*"
packaging = "*"
pluggy = ">=0.12,<2.0"

[package.extras]
testing = ["argcomplete", "attrs (>=19.2.0)", "hypothesis (>=3.56)", "mock", "nose", "pygments (>=2.7.2)", "requests", "setuptools", "xmlschema"]

[[package]]
name = "pytest-asyncio"
version = "0.23.2"
description = "Pytest support for asyncio"
optional = false
python-versions = ">=3.8"
files = [
    {file = "pytest-asyncio-0.23.2.tar.gz", hash = "sha256:c16052382554c7b22d48782ab3438d5b10f8cf7a4bdcae7f0f67f097d95beecc"},
    {file = "pytest_asyncio-0.23.2-py3-none-any.whl", hash = "sha256:ea9021364e32d58f0be43b91c6233fb8d2224ccef2398d6837559e587682808f"},
]

[package.dependencies]
pytest = ">=7.0.0"

[package.extras]
docs = ["sphinx (>=5.3)", "sphinx-rtd-theme (>=1.0)"]
testing = ["coverage (>=6.2)", "hypothesis (>=5.7.1)"]

[[package]]
name = "pytest-cov"
version = "4.1.0"
description = "Pytest plugin for measuring coverage."
optional = false
python-versions = ">=3.7"
files = [
    {file = "pytest-cov-4.1.0.tar.gz", hash = "sha256:3904b13dfbfec47f003b8e77fd5b589cd11904a21ddf1ab38a64f204d6a10ef6"},
    {file = "pytest_cov-4.1.0-py3-none-any.whl", hash = "sha256:6ba70b9e97e69fcc3fb45bfeab2d0a138fb65c4d0d6a41ef33983ad114be8c3a"},
]

[package.dependencies]
coverage = {version = ">=5.2.1", extras = ["toml"]}
pytest = ">=4.6"

[package.extras]
testing = ["fields", "hunter", "process-tests", "pytest-xdist", "six", "virtualenv"]

[[package]]
name = "typing-extensions"
version = "4.9.0"
description = "Backported and Experimental Type Hints for Python 3.8+"
optional = false
python-versions = ">=3.8"
files = [
    {file = "typing_extensions-4.9.0-py3-none-any.whl", hash = "sha256:af72aea155e91adfc61c3ae9e0e342dbc0cba726d6cba4b6c72c1f34e47291cd"},
    {file = "typing_extensions-4.9.0.tar.gz", hash = "sha256:23478f88c37f27d76ac8aee6c905017a143b0b1b886c3c9f66bc2fd94f9f5783"},
]

[[package]]
name = "winrt-runtime"
version = "2.0.0b1"
description = "Python projection of Windows Runtime (WinRT) APIs"
optional = false
python-versions = "<3.13,>=3.9"
files = [
    {file = "winrt-runtime-2.0.0b1.tar.gz", hash = "sha256:28db2ebe7bfb347d110224e9f23fe8079cea45af0fcbd643d039524ced07d22c"},
    {file = "winrt_runtime-2.0.0b1-cp310-cp310-win32.whl", hash = "sha256:8f812b01e2c8dd3ca68aa51a7aa02e815cc2ac3c8520a883b4ec7a4fc63afb04"},
    {file = "winrt_runtime-2.0.0b1-cp310-cp310-win_amd64.whl", hash = "sha256:f36f6102f9b7a08d917a6809117c085639b66be2c579f4089d3fd47b83e8f87b"},
    {file = "winrt_runtime-2.0.0b1-cp310-cp310-win_arm64.whl", hash = "sha256:4a99f267da96edc977623355b816b46c1344c66dc34732857084417d8cf9a96b"},
    {file = "winrt_runtime-2.0.0b1-cp311-cp311-win32.whl", hash = "sha256:ba998e3fc452338c5e2d7bf5174a6206580245066d60079ee4130082d0eb61c2"},
    {file = "winrt_runtime-2.0.0b1-cp311-cp311-win_amd64.whl", hash = "sha256:e7838f0fdf5653ce245888590214177a1f54884cece2c8dfbfe3d01b2780171e"},
    {file = "winrt_runtime-2.0.0b1-cp311-cp311-win_arm64.whl", hash = "sha256:2afa45b7385e99a63d55ccda29096e6a84fcd4c654479005c147b0e65e274abf"},
    {file = "winrt_runtime-2.0.0b1-cp312-cp312-win32.whl", hash = "sha256:edda124ff965cec3a6bfdb26fbe88e004f96975dd84115176e30c1efbcb16f4c"},
    {file = "winrt_runtime-2.0.0b1-cp312-cp312-win_amd64.whl", hash = "sha256:d8935951efeec6b3d546dce8f48bb203aface57a1ba991c066f0e12e84c8f91e"},
    {file = "winrt_runtime-2.0.0b1-cp312-cp312-win_arm64.whl", hash = "sha256:509fb9a03af5e1125433f58522725716ceef040050d33625460b5a5eb98a46ac"},
    {file = "winrt_runtime-2.0.0b1-cp39-cp39-win32.whl", hash = "sha256:41138fe4642345d7143e817ce0905d82e60b3832558143e0a17bfea8654c6512"},
    {file = "winrt_runtime-2.0.0b1-cp39-cp39-win_amd64.whl", hash = "sha256:081a429fe85c33cb6610c4a799184b7650b30f15ab1d89866f2bda246d3a5c0a"},
    {file = "winrt_runtime-2.0.0b1-cp39-cp39-win_arm64.whl", hash = "sha256:e6984604c6ae1f3258973ba2503d1ea5aa15e536ca41d6a131ad305ebbb6519d"},
]

[[package]]
name = "winrt-windows-devices-bluetooth"
version = "2.0.0b1"
description = "Python projection of Windows Runtime (WinRT) APIs"
optional = false
python-versions = "<3.13,>=3.9"
files = [
    {file = "winrt-Windows.Devices.Bluetooth-2.0.0b1.tar.gz", hash = "sha256:786bd43786b873a083b89debece538974f720584662a2573d6a8a8501a532860"},
    {file = "winrt_Windows.Devices.Bluetooth-2.0.0b1-cp310-cp310-win32.whl", hash = "sha256:79631bf3f96954da260859df9228a028835ffade0d885ba3942c5a86a853d150"},
    {file = "winrt_Windows.Devices.Bluetooth-2.0.0b1-cp310-cp310-win_amd64.whl", hash = "sha256:cd85337a95065d0d2045c06db1a5edd4a447aad47cf7027818f6fb69f831c56c"},
    {file = "winrt_Windows.Devices.Bluetooth-2.0.0b1-cp310-cp310-win_arm64.whl", hash = "sha256:6a963869ed003d260e90e9bedc334129303f263f068ea1c0d994df53317db2bc"},
    {file = "winrt_Windows.Devices.Bluetooth-2.0.0b1-cp311-cp311-win32.whl", hash = "sha256:7c5951943a3911d94a8da190f4355dc70128d7d7f696209316372c834b34d462"},
    {file = "winrt_Windows.Devices.Bluetooth-2.0.0b1-cp311-cp311-win_amd64.whl", hash = "sha256:b0bb154ae92235649ed234982f609c490a467d5049c27d63397be9abbb00730e"},
    {file = "winrt_Windows.Devices.Bluetooth-2.0.0b1-cp311-cp311-win_arm64.whl", hash = "sha256:6688dfb0fc3b7dc517bf8cf40ae00544a50b4dec91470d37be38fc33c4523632"},
    {file = "winrt_Windows.Devices.Bluetooth-2.0.0b1-cp312-cp312-win32.whl", hash = "sha256:613c6ff4125df46189b3bef6d3110d94ec725d357ab734f00eedb11c4116c367"},
    {file = "winrt_Windows.Devices.Bluetooth-2.0.0b1-cp312-cp312-win_amd64.whl", hash = "sha256:59c403b64e9f4e417599c6f6aea6ee6fac960597c21eac6b3fd8a84f64aa387c"},
    {file = "winrt_Windows.Devices.Bluetooth-2.0.0b1-cp312-cp312-win_arm64.whl", hash = "sha256:b7f6e1b9bb6e33be80045adebd252cf25cd648759fad6e86c61a393ddd709f7f"},
    {file = "winrt_Windows.Devices.Bluetooth-2.0.0b1-cp39-cp39-win32.whl", hash = "sha256:eae7a89106eab047e96843e28c3c6ce0886dd7dee60180a1010498925e9503f9"},
    {file = "winrt_Windows.Devices.Bluetooth-2.0.0b1-cp39-cp39-win_amd64.whl", hash = "sha256:8dfd1915c894ac19dd0b24aba38ef676c92c3473c0d9826762ba9616ad7df68b"},
    {file = "winrt_Windows.Devices.Bluetooth-2.0.0b1-cp39-cp39-win_arm64.whl", hash = "sha256:49058587e6d82ba33da0767b97a378ddfea8e3a5991bdeff680faa287bfae57e"},
]

[package.dependencies]
winrt-runtime = "2.0.0-beta.1"

[package.extras]
all = ["winrt-Windows.Devices.Bluetooth.GenericAttributeProfile[all] (==2.0.0-beta.1)", "winrt-Windows.Devices.Bluetooth.Rfcomm[all] (==2.0.0-beta.1)", "winrt-Windows.Devices.Enumeration[all] (==2.0.0-beta.1)", "winrt-Windows.Devices.Radios[all] (==2.0.0-beta.1)", "winrt-Windows.Foundation.Collections[all] (==2.0.0-beta.1)", "winrt-Windows.Foundation[all] (==2.0.0-beta.1)", "winrt-Windows.Networking[all] (==2.0.0-beta.1)", "winrt-Windows.Storage.Streams[all] (==2.0.0-beta.1)"]

[[package]]
name = "winrt-windows-devices-bluetooth-advertisement"
version = "2.0.0b1"
description = "Python projection of Windows Runtime (WinRT) APIs"
optional = false
python-versions = "<3.13,>=3.9"
files = [
    {file = "winrt-Windows.Devices.Bluetooth.Advertisement-2.0.0b1.tar.gz", hash = "sha256:d9050faa4377d410d4f0e9cabb5ec555a267531c9747370555ac9ec93ec9f399"},
    {file = "winrt_Windows.Devices.Bluetooth.Advertisement-2.0.0b1-cp310-cp310-win32.whl", hash = "sha256:ac9b703d16adc87c3541585525b8fcf6d84391e2fa010c2f001e714c405cc3b7"},
    {file = "winrt_Windows.Devices.Bluetooth.Advertisement-2.0.0b1-cp310-cp310-win_amd64.whl", hash = "sha256:593cade7853a8b0770e8ef30462b5d5f477b82e17e0aa590094b1c26efd3e05a"},
    {file = "winrt_Windows.Devices.Bluetooth.Advertisement-2.0.0b1-cp310-cp310-win_arm64.whl", hash = "sha256:574698c08895e2cfee7379bdf34a5f319fe440d7dfcc7bc9858f457c08e9712c"},
    {file = "winrt_Windows.Devices.Bluetooth.Advertisement-2.0.0b1-cp311-cp311-win32.whl", hash = "sha256:652a096f8210036bbb539d7f971eaf1f472a3aeb60b7e31278e3d0d30a355292"},
    {file = "winrt_Windows.Devices.Bluetooth.Advertisement-2.0.0b1-cp311-cp311-win_amd64.whl", hash = "sha256:e5cfb866c44dad644fb44b441f4fdbddafc9564075f1f68f756e20f438105c67"},
    {file = "winrt_Windows.Devices.Bluetooth.Advertisement-2.0.0b1-cp311-cp311-win_arm64.whl", hash = "sha256:6c2503eaaf5cd988b5510b86347dba45ad6ee52656f9656a1a97abae6d35386e"},
    {file = "winrt_Windows.Devices.Bluetooth.Advertisement-2.0.0b1-cp312-cp312-win32.whl", hash = "sha256:780c766725a55f4211f921c773c92c2331803e70f65d6ad6676a60f903d39a54"},
    {file = "winrt_Windows.Devices.Bluetooth.Advertisement-2.0.0b1-cp312-cp312-win_amd64.whl", hash = "sha256:39c8633d01039eb2c2f6f20cfc43c045a333b9f3a45229e2ce443f71bb2a562c"},
    {file = "winrt_Windows.Devices.Bluetooth.Advertisement-2.0.0b1-cp312-cp312-win_arm64.whl", hash = "sha256:eaa0d44b4158b16937eac8102249e792f0299dbb0aefc56cc9adc9552e8f9afe"},
    {file = "winrt_Windows.Devices.Bluetooth.Advertisement-2.0.0b1-cp39-cp39-win32.whl", hash = "sha256:d171487e23f7671ad2923544bfa6545d0a29a1a9ae1f5c1d5e5e5f473a5d62b2"},
    {file = "winrt_Windows.Devices.Bluetooth.Advertisement-2.0.0b1-cp39-cp39-win_amd64.whl", hash = "sha256:442eecac87653a03617e65bdb2ef79ddc0582dfdacc2be8af841fba541577f8b"},
    {file = "winrt_Windows.Devices.Bluetooth.Advertisement-2.0.0b1-cp39-cp39-win_arm64.whl", hash = "sha256:b30ab9b8c1ecf818be08bac86bee425ef40f75060c4011d4e6c2e624a7b9916e"},
]

[package.dependencies]
winrt-runtime = "2.0.0-beta.1"

[package.extras]
all = ["winrt-Windows.Devices.Bluetooth[all] (==2.0.0-beta.1)", "winrt-Windows.Foundation.Collections[all] (==2.0.0-beta.1)", "winrt-Windows.Foundation[all] (==2.0.0-beta.1)", "winrt-Windows.Storage.Streams[all] (==2.0.0-beta.1)"]

[[package]]
name = "winrt-windows-devices-bluetooth-genericattributeprofile"
version = "2.0.0b1"
description = "Python projection of Windows Runtime (WinRT) APIs"
optional = false
python-versions = "<3.13,>=3.9"
files = [
    {file = "winrt-Windows.Devices.Bluetooth.GenericAttributeProfile-2.0.0b1.tar.gz", hash = "sha256:93b745d51ecfb3e9d3a21623165cc065735c9e0146cb7a26744182c164e63e14"},
    {file = "winrt_Windows.Devices.Bluetooth.GenericAttributeProfile-2.0.0b1-cp310-cp310-win32.whl", hash = "sha256:db740aaedd80cca5b1a390663b26c7733eb08f4c57ade6a04b055d548e9d042b"},
    {file = "winrt_Windows.Devices.Bluetooth.GenericAttributeProfile-2.0.0b1-cp310-cp310-win_amd64.whl", hash = "sha256:7c81aa6c066cdab58bcc539731f208960e094a6d48b59118898e1e804dbbdf7f"},
    {file = "winrt_Windows.Devices.Bluetooth.GenericAttributeProfile-2.0.0b1-cp310-cp310-win_arm64.whl", hash = "sha256:92277a6bbcbe2225ad1be92968af597dc77bc37a63cd729690d2d9fb5094ae25"},
    {file = "winrt_Windows.Devices.Bluetooth.GenericAttributeProfile-2.0.0b1-cp311-cp311-win32.whl", hash = "sha256:6b48209669c1e214165530793cf9916ae44a0ae2618a9be7a489e8c94f7e745f"},
    {file = "winrt_Windows.Devices.Bluetooth.GenericAttributeProfile-2.0.0b1-cp311-cp311-win_amd64.whl", hash = "sha256:2f17216e6ce748eaef02fb0658213515d3ff31e2dbb18f070a614876f818c90d"},
    {file = "winrt_Windows.Devices.Bluetooth.GenericAttributeProfile-2.0.0b1-cp311-cp311-win_arm64.whl", hash = "sha256:db798a0f0762e390da5a9f02f822daff00692bd951a492224bf46782713b2938"},
    {file = "winrt_Windows.Devices.Bluetooth.GenericAttributeProfile-2.0.0b1-cp312-cp312-win32.whl", hash = "sha256:b8d9dba04b9cfa53971c35117fc3c68c94bfa5e2ed18ce680f731743598bf246"},
    {file = "winrt_Windows.Devices.Bluetooth.GenericAttributeProfile-2.0.0b1-cp312-cp312-win_amd64.whl", hash = "sha256:e5260b3f33dee8a896604297e05efc04d04298329c205a74ded8e2d6333e84b7"},
    {file = "winrt_Windows.Devices.Bluetooth.GenericAttributeProfile-2.0.0b1-cp312-cp312-win_arm64.whl", hash = "sha256:822ef539389ecb546004345c4dce8b9b7788e2e99a1d6f0947a4b123dceb7fed"},
    {file = "winrt_Windows.Devices.Bluetooth.GenericAttributeProfile-2.0.0b1-cp39-cp39-win32.whl", hash = "sha256:11e6863e7a94d2b6dd76ddcd19c01e311895810a4ce6ad08c7b5534294753243"},
    {file = "winrt_Windows.Devices.Bluetooth.GenericAttributeProfile-2.0.0b1-cp39-cp39-win_amd64.whl", hash = "sha256:20de8d04c301c406362c93e78d41912aea0af23c4b430704aba329420d7c2cdf"},
    {file = "winrt_Windows.Devices.Bluetooth.GenericAttributeProfile-2.0.0b1-cp39-cp39-win_arm64.whl", hash = "sha256:918059796f2f123216163b928ecde8ecec17994fb7a94042af07fda82c132a6d"},
]

[package.dependencies]
winrt-runtime = "2.0.0-beta.1"

[package.extras]
all = ["winrt-Windows.Devices.Bluetooth[all] (==2.0.0-beta.1)", "winrt-Windows.Devices.Enumeration[all] (==2.0.0-beta.1)", "winrt-Windows.Foundation.Collections[all] (==2.0.0-beta.1)", "winrt-Windows.Foundation[all] (==2.0.0-beta.1)", "winrt-Windows.Storage.Streams[all] (==2.0.0-beta.1)"]

[[package]]
name = "winrt-windows-devices-enumeration"
version = "2.0.0b1"
description = "Python projection of Windows Runtime (WinRT) APIs"
optional = false
python-versions = "<3.13,>=3.9"
files = [
    {file = "winrt-Windows.Devices.Enumeration-2.0.0b1.tar.gz", hash = "sha256:8f214040e4edbe57c4943488887db89f4a00d028c34169aafd2205e228026100"},
    {file = "winrt_Windows.Devices.Enumeration-2.0.0b1-cp310-cp310-win32.whl", hash = "sha256:dcb9e7d230aefec8531a46d393ecb1063b9d4b97c9f3ff2fc537ce22bdfa2444"},
    {file = "winrt_Windows.Devices.Enumeration-2.0.0b1-cp310-cp310-win_amd64.whl", hash = "sha256:22a3e1fef40786cc8d51320b6f11ff25de6c674475f3ba608a46915e1dadf0f5"},
    {file = "winrt_Windows.Devices.Enumeration-2.0.0b1-cp310-cp310-win_arm64.whl", hash = "sha256:2edcfeb70a71d40622873cad96982a28e92a7ee71f33968212dd3598b2d8d469"},
    {file = "winrt_Windows.Devices.Enumeration-2.0.0b1-cp311-cp311-win32.whl", hash = "sha256:ce4eb88add7f5946d2666761a97a3bb04cac2a061d264f03229c1e15dbd7ce91"},
    {file = "winrt_Windows.Devices.Enumeration-2.0.0b1-cp311-cp311-win_amd64.whl", hash = "sha256:a9001f17991572abdddab7ab074e08046e74e05eeeaf3b2b01b8b47d2879b64c"},
    {file = "winrt_Windows.Devices.Enumeration-2.0.0b1-cp311-cp311-win_arm64.whl", hash = "sha256:0440b91ce144111e207f084cec6b1277162ef2df452d321951e989ce87dc9ced"},
    {file = "winrt_Windows.Devices.Enumeration-2.0.0b1-cp312-cp312-win32.whl", hash = "sha256:e4fae13126f13a8d9420b74fb5a5ff6a6b2f91f7718c4be2d4a8dc1337c58f59"},
    {file = "winrt_Windows.Devices.Enumeration-2.0.0b1-cp312-cp312-win_amd64.whl", hash = "sha256:e352eebc23dc94fb79e67a056c057fb0e16c20c8cb881dc826094c20ed4791e3"},
    {file = "winrt_Windows.Devices.Enumeration-2.0.0b1-cp312-cp312-win_arm64.whl", hash = "sha256:b43f5c1f053a170e6e4b44ba69838ac223f9051adca1a56506d4c46e98d1485f"},
    {file = "winrt_Windows.Devices.Enumeration-2.0.0b1-cp39-cp39-win32.whl", hash = "sha256:ed245fad8de6a134d5c3a630204e7f8238aa944a40388005bce0ce3718c410fa"},
    {file = "winrt_Windows.Devices.Enumeration-2.0.0b1-cp39-cp39-win_amd64.whl", hash = "sha256:22a9eefdbfe520778512266d0b48ff239eaa8d272fce6f5cb1ff352bed0619f4"},
    {file = "winrt_Windows.Devices.Enumeration-2.0.0b1-cp39-cp39-win_arm64.whl", hash = "sha256:397d43f8fd2621a7719b9eab6a4a8e72a1d6fa2d9c36525a30812f8e7bad3bdf"},
]

[package.dependencies]
winrt-runtime = "2.0.0-beta.1"

[package.extras]
all = ["winrt-Windows.ApplicationModel.Background[all] (==2.0.0-beta.1)", "winrt-Windows.Foundation.Collections[all] (==2.0.0-beta.1)", "winrt-Windows.Foundation[all] (==2.0.0-beta.1)", "winrt-Windows.Security.Credentials[all] (==2.0.0-beta.1)", "winrt-Windows.Storage.Streams[all] (==2.0.0-beta.1)", "winrt-Windows.UI.Popups[all] (==2.0.0-beta.1)", "winrt-Windows.UI[all] (==2.0.0-beta.1)"]

[[package]]
name = "winrt-windows-foundation"
version = "2.0.0b1"
description = "Python projection of Windows Runtime (WinRT) APIs"
optional = false
python-versions = "<3.13,>=3.9"
files = [
    {file = "winrt-Windows.Foundation-2.0.0b1.tar.gz", hash = "sha256:976b6da942747a7ca5a179a35729d8dc163f833e03b085cf940332a5e9070d54"},
    {file = "winrt_Windows.Foundation-2.0.0b1-cp310-cp310-win32.whl", hash = "sha256:5337ac1ec260132fbff868603e73a3738d4001911226e72669b3d69c8a256d5e"},
    {file = "winrt_Windows.Foundation-2.0.0b1-cp310-cp310-win_amd64.whl", hash = "sha256:af969e5bb9e2e41e4e86a361802528eafb5eb8fe87ec1dba6048c0702d63caa8"},
    {file = "winrt_Windows.Foundation-2.0.0b1-cp310-cp310-win_arm64.whl", hash = "sha256:bbbfa6b3c444a1074a630fd4a1b71171be7a5c9bb07c827ad9259fadaed56cf2"},
    {file = "winrt_Windows.Foundation-2.0.0b1-cp311-cp311-win32.whl", hash = "sha256:b91bd92b1854c073acd81aa87cf8df571d2151b1dd050b6181aa36f7acc43df4"},
    {file = "winrt_Windows.Foundation-2.0.0b1-cp311-cp311-win_amd64.whl", hash = "sha256:2f5359f25703347e827dbac982150354069030f1deecd616f7ce37ad90cbcb00"},
    {file = "winrt_Windows.Foundation-2.0.0b1-cp311-cp311-win_arm64.whl", hash = "sha256:0f1f1978173ddf0ee6262c2edb458f62d628b9fa0df10cd1e8c78c833af3197e"},
    {file = "winrt_Windows.Foundation-2.0.0b1-cp312-cp312-win32.whl", hash = "sha256:c1d23b737f733104b91c89c507b58d0b3ef5f3234a1b608ef6dfb6dbbb8777ea"},
    {file = "winrt_Windows.Foundation-2.0.0b1-cp312-cp312-win_amd64.whl", hash = "sha256:95de6c29e9083fe63f127b965b54dfa52a6424a93a94ce87cfad4c1900a6e887"},
    {file = "winrt_Windows.Foundation-2.0.0b1-cp312-cp312-win_arm64.whl", hash = "sha256:4707063a5a6980e3f71aebeea5ac93101c753ec13a0b47be9ea4dbc0d5ff361e"},
    {file = "winrt_Windows.Foundation-2.0.0b1-cp39-cp39-win32.whl", hash = "sha256:d0259f1f4a1b8e20d0cbd935a889c0f7234f720645590260f9cf3850fdc1e1fa"},
    {file = "winrt_Windows.Foundation-2.0.0b1-cp39-cp39-win_amd64.whl", hash = "sha256:15c7b324d0f59839fb4492d84bb1c870881c5c67cb94ac24c664a7c4dce1c475"},
    {file = "winrt_Windows.Foundation-2.0.0b1-cp39-cp39-win_arm64.whl", hash = "sha256:16ad741f4d38e99f8409ba5760299d0052003255f970f49f4b8ba2e0b609c8b7"},
]

[package.dependencies]
winrt-runtime = "2.0.0-beta.1"

[package.extras]
all = ["winrt-Windows.Foundation.Collections[all] (==2.0.0-beta.1)"]

[[package]]
name = "winrt-windows-foundation-collections"
version = "2.0.0b1"
description = "Python projection of Windows Runtime (WinRT) APIs"
optional = false
python-versions = "<3.13,>=3.9"
files = [
    {file = "winrt-Windows.Foundation.Collections-2.0.0b1.tar.gz", hash = "sha256:185d30f8103934124544a40aac005fa5918a9a7cb3179f45e9863bb86e22ad43"},
    {file = "winrt_Windows.Foundation.Collections-2.0.0b1-cp310-cp310-win32.whl", hash = "sha256:042142e916a170778b7154498aae61254a1a94c552954266b73479479d24f01d"},
    {file = "winrt_Windows.Foundation.Collections-2.0.0b1-cp310-cp310-win_amd64.whl", hash = "sha256:9f68e66055121fc1e04c4fda627834aceee6fbe922e77d6ccaecf9582e714c57"},
    {file = "winrt_Windows.Foundation.Collections-2.0.0b1-cp310-cp310-win_arm64.whl", hash = "sha256:a4609411263cc7f5e93a9a5677b21e2ef130e26f9030bfa960b3e82595324298"},
    {file = "winrt_Windows.Foundation.Collections-2.0.0b1-cp311-cp311-win32.whl", hash = "sha256:5296858aa44c53936460a119794b80eedd6bd094016c1bf96822f92cb95ea419"},
    {file = "winrt_Windows.Foundation.Collections-2.0.0b1-cp311-cp311-win_amd64.whl", hash = "sha256:3db1e1c80c97474e7c88b6052bd8982ca61723fd58ace11dc91a5522662e0b2a"},
    {file = "winrt_Windows.Foundation.Collections-2.0.0b1-cp311-cp311-win_arm64.whl", hash = "sha256:c3a594e660c59f9fab04ae2f40bda7c809e8ec4748bada4424dfb02b43d4bfe1"},
    {file = "winrt_Windows.Foundation.Collections-2.0.0b1-cp312-cp312-win32.whl", hash = "sha256:0f355ee943ec5b835e694d97e9e93545a42d6fb984a61f442467789550d62c3f"},
    {file = "winrt_Windows.Foundation.Collections-2.0.0b1-cp312-cp312-win_amd64.whl", hash = "sha256:c4a0cd2eb9f47c7ca3b66d12341cc822250bf26854a93fd58ab77f7a48dfab3a"},
    {file = "winrt_Windows.Foundation.Collections-2.0.0b1-cp312-cp312-win_arm64.whl", hash = "sha256:744dbef50e8b8f34904083cae9ad43ac6e28facb9e166c4f123ce8e758141067"},
    {file = "winrt_Windows.Foundation.Collections-2.0.0b1-cp39-cp39-win32.whl", hash = "sha256:b7c767184aec3a3d7cba2cd84fadcd68106854efabef1a61092052294d6d6f4f"},
    {file = "winrt_Windows.Foundation.Collections-2.0.0b1-cp39-cp39-win_amd64.whl", hash = "sha256:7c1ffe99c12f14fc4ab7027757780e6d850fa2fb23ec404a54311fbd9f1970d3"},
    {file = "winrt_Windows.Foundation.Collections-2.0.0b1-cp39-cp39-win_arm64.whl", hash = "sha256:870fa040ed36066e4c240c35973d8b2e0d7c38cc6050a42d993715ec9e3b748c"},
]

[package.dependencies]
winrt-runtime = "2.0.0-beta.1"

[package.extras]
all = ["winrt-Windows.Foundation[all] (==2.0.0-beta.1)"]

[[package]]
name = "winrt-windows-storage-streams"
version = "2.0.0b1"
description = "Python projection of Windows Runtime (WinRT) APIs"
optional = false
python-versions = "<3.13,>=3.9"
files = [
    {file = "winrt-Windows.Storage.Streams-2.0.0b1.tar.gz", hash = "sha256:029d67cdc9b092d56c682740fe3c42f267dc5d3346b5c0b12ebc03f38e7d2f1f"},
    {file = "winrt_Windows.Storage.Streams-2.0.0b1-cp310-cp310-win32.whl", hash = "sha256:49c90d4bfd539f6676226dfcb4b3574ddd6be528ffc44aa214c55af88c2de89e"},
    {file = "winrt_Windows.Storage.Streams-2.0.0b1-cp310-cp310-win_amd64.whl", hash = "sha256:22cc82779cada84aa2633841e25b33f3357737d912a1d9ecc1ee5a8b799b5171"},
    {file = "winrt_Windows.Storage.Streams-2.0.0b1-cp310-cp310-win_arm64.whl", hash = "sha256:b1750a111be32466f4f0781cbb5df195ac940690571dff4564492b921b162563"},
    {file = "winrt_Windows.Storage.Streams-2.0.0b1-cp311-cp311-win32.whl", hash = "sha256:e79b1183ab26d9b95cf3e6dbe3f488a40605174a5a112694dbb7dbfb50899daf"},
    {file = "winrt_Windows.Storage.Streams-2.0.0b1-cp311-cp311-win_amd64.whl", hash = "sha256:3e90a1207eb3076f051a7785132f7b056b37343a68e9481a50c6defb3f660099"},
    {file = "winrt_Windows.Storage.Streams-2.0.0b1-cp311-cp311-win_arm64.whl", hash = "sha256:4da06522b4fa9cfcc046b604cc4aa1c6a887cc4bb5b8a637ed9bff8028a860bb"},
    {file = "winrt_Windows.Storage.Streams-2.0.0b1-cp312-cp312-win32.whl", hash = "sha256:6f74f8ab8ac0d8de61c709043315361d8ac63f8144f3098d428472baadf8246a"},
    {file = "winrt_Windows.Storage.Streams-2.0.0b1-cp312-cp312-win_amd64.whl", hash = "sha256:5cf7c8d67836c60392d167bfe4f98ac7abcb691bfba2d19e322d0f9181f58347"},
    {file = "winrt_Windows.Storage.Streams-2.0.0b1-cp312-cp312-win_arm64.whl", hash = "sha256:f7f679f2c0f71791eca835856f57942ee5245094c1840a6c34bc7c2176b1bcd6"},
    {file = "winrt_Windows.Storage.Streams-2.0.0b1-cp39-cp39-win32.whl", hash = "sha256:5beb53429fa9a11ede56b4a7cefe28c774b352dd355f7951f2a4dd7e9ec9b39a"},
    {file = "winrt_Windows.Storage.Streams-2.0.0b1-cp39-cp39-win_amd64.whl", hash = "sha256:f84233c4b500279d8f5840cb8c47776bc040fcecba05c6c9ab9767053698fc8b"},
    {file = "winrt_Windows.Storage.Streams-2.0.0b1-cp39-cp39-win_arm64.whl", hash = "sha256:cfb163ddbb435906f75ef92a768573b0190e194e1438cea5a4c1d4d32a6b9386"},
]

[package.dependencies]
winrt-runtime = "2.0.0-beta.1"

[package.extras]
all = ["winrt-Windows.Foundation.Collections[all] (==2.0.0-beta.1)", "winrt-Windows.Foundation[all] (==2.0.0-beta.1)", "winrt-Windows.Storage[all] (==2.0.0-beta.1)", "winrt-Windows.System[all] (==2.0.0-beta.1)"]

[metadata]
lock-version = "2.0"
python-versions = ">=3.11, <3.13"
content-hash = "641f49f73b9a5446da0fa1314362d2e06c56fca55c13fd9dd97ff27773c838dd"
